
Microsoft Visual Studio Solution File, Format Version 12.00
# Visual Studio Version 16
VisualStudioVersion = 25.0.1706.13
MinimumVisualStudioVersion = 10.0.40219.1
Project("{FAE04EC0-301F-11D3-BF4B-00C04F79EFBC}") = "MonitoringService", "MonitoringService\MonitoringService.csproj", "{64BDEDB4-DCDE-490E-A08F-5D1DB0FD236F}"
EndProject
Project("{FAE04EC0-301F-11D3-BF4B-00C04F79EFBC}") = "MonitoringCommonLibrary", "MonitoringCommonLibrary\MonitoringCommonLibrary.csproj", "{8ACC3C24-0037-41C5-A505-30141C10A721}"
EndProject
Project("{FAE04EC0-301F-11D3-BF4B-00C04F79EFBC}") = "MonitoringModelLibrary", "MonitoringModelLibrary\MonitoringModelLibrary.csproj", "{08B4A386-EA16-451B-8296-FD706C923E07}"
EndProject
Global
	GlobalSection(SolutionConfigurationPlatforms) = preSolution
		Debug|Any CPU = Debug|Any CPU
		Release|Any CPU = Release|Any CPU
	EndGlobalSection
	GlobalSection(ProjectConfigurationPlatforms) = postSolution
		{64BDEDB4-DCDE-490E-A08F-5D1DB0FD236F}.Debug|Any CPU.ActiveCfg = Debug|Any CPU
		{64BDEDB4-DCDE-490E-A08F-5D1DB0FD236F}.Debug|Any CPU.Build.0 = Debug|Any CPU
		{64BDEDB4-DCDE-490E-A08F-5D1DB0FD236F}.Release|Any CPU.ActiveCfg = Release|Any CPU
		{64BDEDB4-DCDE-490E-A08F-5D1DB0FD236F}.Release|Any CPU.Build.0 = Release|Any CPU
		{8ACC3C24-0037-41C5-A505-30141C10A721}.Debug|Any CPU.ActiveCfg = Debug|Any CPU
		{8ACC3C24-0037-41C5-A505-30141C10A721}.Debug|Any CPU.Build.0 = Debug|Any CPU
		{8ACC3C24-0037-41C5-A505-30141C10A721}.Release|Any CPU.ActiveCfg = Release|Any CPU
		{8ACC3C24-0037-41C5-A505-30141C10A721}.Release|Any CPU.Build.0 = Release|Any CPU
		{08B4A386-EA16-451B-8296-FD706C923E07}.Debug|Any CPU.ActiveCfg = Debug|Any CPU
		{08B4A386-EA16-451B-8296-FD706C923E07}.Debug|Any CPU.Build.0 = Debug|Any CPU
		{08B4A386-EA16-451B-8296-FD706C923E07}.Release|Any CPU.ActiveCfg = Release|Any CPU
		{08B4A386-EA16-451B-8296-FD706C923E07}.Release|Any CPU.Build.0 = Release|Any CPU
	EndGlobalSection
	GlobalSection(SolutionProperties) = preSolution
		HideSolutionNode = FALSE
	EndGlobalSection
	GlobalSection(ExtensibilityGlobals) = postSolution
		SolutionGuid = {D53194D6-DFA3-4B0B-AC03-4C2529004BAA}
	EndGlobalSection
EndGlobal
